{
  "version": 1,
  "dependencies": {
    "net10.0": {
      "FullSpectrum.Observer.Application": {
        "type": "Project",
        "dependencies": {
          "FullSpectrum.Observer.Contracts": "[1.0.0, )"
        }
      },
      "FullSpectrum.Observer.Contracts": {
        "type": "Project"
      }
    }
  }
}