{
  "version": 1,
  "dependencies": {
    "net10.0": {
      "SourceGear.sqlite3": {
        "type": "Direct",
        "requested": "[3.53.3, )",
        "resolved": "3.53.3",
        "contentHash": "PaDT7JwQ00HmXZT1xSGSC0c24A5lVpJYHMrXBuJATdpB2t0nf4Kq9HyPaZhxVW0elPq4XI1s5BLh7qLuObmzFA=="
      },
      "FullSpectrum.Observer.Application": {
        "type": "Project",
        "dependencies": {
          "FullSpectrum.Observer.Contracts": "[1.0.0, )"
        }
      },
      "FullSpectrum.Observer.Contracts": {
        "type": "Project"
      }
    }
  }
}